
Microsoft Visual Studio Solution File, Format Version 12.00
# Visual Studio 15
VisualStudioVersion = 15.0.26124.0
MinimumVisualStudioVersion = 15.0.26124.0
Project("{FAE04EC0-301F-11D3-BF4B-00C04F79EFBC}") = "Project1", "Project1\Project1.csproj", "{42EEE2BD-9F96-4210-A13E-169FC8346450}"
EndProject
Project("{FAE04EC0-301F-11D3-BF4B-00C04F79EFBC}") = "Project2", "Project2\Project2.csproj", "{94DDD7BB-01A9-44E7-ABEB-23F6319C4228}"
EndProject
Global
	GlobalSection(SolutionConfigurationPlatforms) = preSolution
		Debug|Any CPU = Debug|Any CPU
		Debug|x64 = Debug|x64
		Debug|x86 = Debug|x86
		Release|Any CPU = Release|Any CPU
		Release|x64 = Release|x64
		Release|x86 = Release|x86
	EndGlobalSection
	GlobalSection(SolutionProperties) = preSolution
		HideSolutionNode = FALSE
	EndGlobalSection
	GlobalSection(ProjectConfigurationPlatforms) = postSolution
		{42EEE2BD-9F96-4210-A13E-169FC8346450}.Debug|Any CPU.ActiveCfg = Debug|Any CPU
		{42EEE2BD-9F96-4210-A13E-169FC8346450}.Debug|Any CPU.Build.0 = Debug|Any CPU
		{42EEE2BD-9F96-4210-A13E-169FC8346450}.Debug|x64.ActiveCfg = Debug|Any CPU
		{42EEE2BD-9F96-4210-A13E-169FC8346450}.Debug|x64.Build.0 = Debug|Any CPU
		{42EEE2BD-9F96-4210-A13E-169FC8346450}.Debug|x86.ActiveCfg = Debug|Any CPU
		{42EEE2BD-9F96-4210-A13E-169FC8346450}.Debug|x86.Build.0 = Debug|Any CPU
		{42EEE2BD-9F96-4210-A13E-169FC8346450}.Release|Any CPU.ActiveCfg = Release|Any CPU
		{42EEE2BD-9F96-4210-A13E-169FC8346450}.Release|Any CPU.Build.0 = Release|Any CPU
		{42EEE2BD-9F96-4210-A13E-169FC8346450}.Release|x64.ActiveCfg = Release|Any CPU
		{42EEE2BD-9F96-4210-A13E-169FC8346450}.Release|x64.Build.0 = Release|Any CPU
		{42EEE2BD-9F96-4210-A13E-169FC8346450}.Release|x86.ActiveCfg = Release|Any CPU
		{42EEE2BD-9F96-4210-A13E-169FC8346450}.Release|x86.Build.0 = Release|Any CPU
		{94DDD7BB-01A9-44E7-ABEB-23F6319C4228}.Debug|Any CPU.ActiveCfg = Debug|Any CPU
		{94DDD7BB-01A9-44E7-ABEB-23F6319C4228}.Debug|Any CPU.Build.0 = Debug|Any CPU
		{94DDD7BB-01A9-44E7-ABEB-23F6319C4228}.Debug|x64.ActiveCfg = Debug|Any CPU
		{94DDD7BB-01A9-44E7-ABEB-23F6319C4228}.Debug|x64.Build.0 = Debug|Any CPU
		{94DDD7BB-01A9-44E7-ABEB-23F6319C4228}.Debug|x86.ActiveCfg = Debug|Any CPU
		{94DDD7BB-01A9-44E7-ABEB-23F6319C4228}.Debug|x86.Build.0 = Debug|Any CPU
		{94DDD7BB-01A9-44E7-ABEB-23F6319C4228}.Release|Any CPU.ActiveCfg = Release|Any CPU
		{94DDD7BB-01A9-44E7-ABEB-23F6319C4228}.Release|Any CPU.Build.0 = Release|Any CPU
		{94DDD7BB-01A9-44E7-ABEB-23F6319C4228}.Release|x64.ActiveCfg = Release|Any CPU
		{94DDD7BB-01A9-44E7-ABEB-23F6319C4228}.Release|x64.Build.0 = Release|Any CPU
		{94DDD7BB-01A9-44E7-ABEB-23F6319C4228}.Release|x86.ActiveCfg = Release|Any CPU
		{94DDD7BB-01A9-44E7-ABEB-23F6319C4228}.Release|x86.Build.0 = Release|Any CPU
	EndGlobalSection
EndGlobal
