
Microsoft Visual Studio Solution File, Format Version 12.00
# Visual Studio 15
VisualStudioVersion = 15.0.26124.0
MinimumVisualStudioVersion = 15.0.26124.0
Project("{FAE04EC0-301F-11D3-BF4B-00C04F79EFBC}") = "Project1", "Project1\Project1.csproj", "{7C089368-ABEA-44EC-9AAA-BE5A77BF9259}"
EndProject
Project("{FAE04EC0-301F-11D3-BF4B-00C04F79EFBC}") = "Project2", "Project2\Project2.csproj", "{D2467462-76CF-4935-87D9-71CA62890BE2}"
EndProject
Global
	GlobalSection(SolutionConfigurationPlatforms) = preSolution
		Debug|Any CPU = Debug|Any CPU
		Debug|x64 = Debug|x64
		Debug|x86 = Debug|x86
		Release|Any CPU = Release|Any CPU
		Release|x64 = Release|x64
		Release|x86 = Release|x86
	EndGlobalSection
	GlobalSection(SolutionProperties) = preSolution
		HideSolutionNode = FALSE
	EndGlobalSection
	GlobalSection(ProjectConfigurationPlatforms) = postSolution
		{7C089368-ABEA-44EC-9AAA-BE5A77BF9259}.Debug|Any CPU.ActiveCfg = Debug|Any CPU
		{7C089368-ABEA-44EC-9AAA-BE5A77BF9259}.Debug|Any CPU.Build.0 = Debug|Any CPU
		{7C089368-ABEA-44EC-9AAA-BE5A77BF9259}.Debug|x64.ActiveCfg = Debug|Any CPU
		{7C089368-ABEA-44EC-9AAA-BE5A77BF9259}.Debug|x64.Build.0 = Debug|Any CPU
		{7C089368-ABEA-44EC-9AAA-BE5A77BF9259}.Debug|x86.ActiveCfg = Debug|Any CPU
		{7C089368-ABEA-44EC-9AAA-BE5A77BF9259}.Debug|x86.Build.0 = Debug|Any CPU
		{7C089368-ABEA-44EC-9AAA-BE5A77BF9259}.Release|Any CPU.ActiveCfg = Release|Any CPU
		{7C089368-ABEA-44EC-9AAA-BE5A77BF9259}.Release|Any CPU.Build.0 = Release|Any CPU
		{7C089368-ABEA-44EC-9AAA-BE5A77BF9259}.Release|x64.ActiveCfg = Release|Any CPU
		{7C089368-ABEA-44EC-9AAA-BE5A77BF9259}.Release|x64.Build.0 = Release|Any CPU
		{7C089368-ABEA-44EC-9AAA-BE5A77BF9259}.Release|x86.ActiveCfg = Release|Any CPU
		{7C089368-ABEA-44EC-9AAA-BE5A77BF9259}.Release|x86.Build.0 = Release|Any CPU
		{D2467462-76CF-4935-87D9-71CA62890BE2}.Debug|Any CPU.ActiveCfg = Debug|Any CPU
		{D2467462-76CF-4935-87D9-71CA62890BE2}.Debug|Any CPU.Build.0 = Debug|Any CPU
		{D2467462-76CF-4935-87D9-71CA62890BE2}.Debug|x64.ActiveCfg = Debug|Any CPU
		{D2467462-76CF-4935-87D9-71CA62890BE2}.Debug|x64.Build.0 = Debug|Any CPU
		{D2467462-76CF-4935-87D9-71CA62890BE2}.Debug|x86.ActiveCfg = Debug|Any CPU
		{D2467462-76CF-4935-87D9-71CA62890BE2}.Debug|x86.Build.0 = Debug|Any CPU
		{D2467462-76CF-4935-87D9-71CA62890BE2}.Release|Any CPU.ActiveCfg = Release|Any CPU
		{D2467462-76CF-4935-87D9-71CA62890BE2}.Release|Any CPU.Build.0 = Release|Any CPU
		{D2467462-76CF-4935-87D9-71CA62890BE2}.Release|x64.ActiveCfg = Release|Any CPU
		{D2467462-76CF-4935-87D9-71CA62890BE2}.Release|x64.Build.0 = Release|Any CPU
		{D2467462-76CF-4935-87D9-71CA62890BE2}.Release|x86.ActiveCfg = Release|Any CPU
		{D2467462-76CF-4935-87D9-71CA62890BE2}.Release|x86.Build.0 = Release|Any CPU
	EndGlobalSection
EndGlobal
