
Microsoft Visual Studio Solution File, Format Version 12.00
# Visual Studio Version 16
VisualStudioVersion = 16.0.30104.148
MinimumVisualStudioVersion = 10.0.40219.1
Project("{9A19103F-16F7-4668-BE54-9A1E7A4F7556}") = "ReferenceExplorer.WPF", "ReferenceExplorer.WPF\ReferenceExplorer.WPF.csproj", "{7BA80412-5B25-46E6-8532-6E0C37182C73}"
EndProject
Project("{9A19103F-16F7-4668-BE54-9A1E7A4F7556}") = "ReferenceExplorer.Tests", "ReferenceExplorer.Tests\ReferenceExplorer.Tests.csproj", "{8B9C9803-A3C1-4447-B152-311E5033E58B}"
EndProject
Project("{9A19103F-16F7-4668-BE54-9A1E7A4F7556}") = "ReferenceExplorer", "referenceexplorer\ReferenceExplorer.csproj", "{B01F075B-0047-4FFC-95B1-3CF7D713067F}"
EndProject
Global
	GlobalSection(SolutionConfigurationPlatforms) = preSolution
		Debug|Any CPU = Debug|Any CPU
		Release|Any CPU = Release|Any CPU
	EndGlobalSection
	GlobalSection(ProjectConfigurationPlatforms) = postSolution
		{7BA80412-5B25-46E6-8532-6E0C37182C73}.Debug|Any CPU.ActiveCfg = Debug|Any CPU
		{7BA80412-5B25-46E6-8532-6E0C37182C73}.Debug|Any CPU.Build.0 = Debug|Any CPU
		{7BA80412-5B25-46E6-8532-6E0C37182C73}.Release|Any CPU.ActiveCfg = Release|Any CPU
		{7BA80412-5B25-46E6-8532-6E0C37182C73}.Release|Any CPU.Build.0 = Release|Any CPU
		{8B9C9803-A3C1-4447-B152-311E5033E58B}.Debug|Any CPU.ActiveCfg = Debug|Any CPU
		{8B9C9803-A3C1-4447-B152-311E5033E58B}.Debug|Any CPU.Build.0 = Debug|Any CPU
		{8B9C9803-A3C1-4447-B152-311E5033E58B}.Release|Any CPU.ActiveCfg = Release|Any CPU
		{8B9C9803-A3C1-4447-B152-311E5033E58B}.Release|Any CPU.Build.0 = Release|Any CPU
		{B01F075B-0047-4FFC-95B1-3CF7D713067F}.Debug|Any CPU.ActiveCfg = Debug|Any CPU
		{B01F075B-0047-4FFC-95B1-3CF7D713067F}.Debug|Any CPU.Build.0 = Debug|Any CPU
		{B01F075B-0047-4FFC-95B1-3CF7D713067F}.Release|Any CPU.ActiveCfg = Release|Any CPU
		{B01F075B-0047-4FFC-95B1-3CF7D713067F}.Release|Any CPU.Build.0 = Release|Any CPU
	EndGlobalSection
	GlobalSection(SolutionProperties) = preSolution
		HideSolutionNode = FALSE
	EndGlobalSection
	GlobalSection(ExtensibilityGlobals) = postSolution
		SolutionGuid = {D6D44200-884E-46E8-9CF2-8D146C849759}
	EndGlobalSection
EndGlobal
