
Microsoft Visual Studio Solution File, Format Version 12.00
# Visual Studio Version 16
VisualStudioVersion = 16.0.30310.162
MinimumVisualStudioVersion = 15.0.26124.0
Project("{9A19103F-16F7-4668-BE54-9A1E7A4F7556}") = "ReferenceAnalyzer.Core", "ReferenceAnalyzer.Core\ReferenceAnalyzer.Core.csproj", "{98E06EFA-3055-4447-AE49-A69057198E5E}"
EndProject
Project("{9A19103F-16F7-4668-BE54-9A1E7A4F7556}") = "ReferenceAnalyzer.Core.Tests", "ReferenceAnalyzer.Core.Tests\ReferenceAnalyzer.Core.Tests.csproj", "{E636F2C7-76A0-49B8-9CA1-BFCDEC107BFC}"
EndProject
Project("{9A19103F-16F7-4668-BE54-9A1E7A4F7556}") = "ReferenceAnalyzer.UI.Tests", "ReferenceAnalyzer.UI.Tests\ReferenceAnalyzer.UI.Tests.csproj", "{0748FC8A-03CD-45B4-9BE9-1F5EB1BCE3E6}"
EndProject
Project("{9A19103F-16F7-4668-BE54-9A1E7A4F7556}") = "ReferenceAnalyzer.UI", "ReferenceAnalyzer.UI\ReferenceAnalyzer.UI.csproj", "{FBD913CC-5D35-4E2E-B3AA-55EA5B856135}"
EndProject
Global
	GlobalSection(SolutionConfigurationPlatforms) = preSolution
		Debug|Any CPU = Debug|Any CPU
		Debug|x64 = Debug|x64
		Debug|x86 = Debug|x86
		Release|Any CPU = Release|Any CPU
		Release|x64 = Release|x64
		Release|x86 = Release|x86
	EndGlobalSection
	GlobalSection(ProjectConfigurationPlatforms) = postSolution
		{98E06EFA-3055-4447-AE49-A69057198E5E}.Debug|Any CPU.ActiveCfg = Debug|Any CPU
		{98E06EFA-3055-4447-AE49-A69057198E5E}.Debug|Any CPU.Build.0 = Debug|Any CPU
		{98E06EFA-3055-4447-AE49-A69057198E5E}.Debug|x64.ActiveCfg = Debug|Any CPU
		{98E06EFA-3055-4447-AE49-A69057198E5E}.Debug|x64.Build.0 = Debug|Any CPU
		{98E06EFA-3055-4447-AE49-A69057198E5E}.Debug|x86.ActiveCfg = Debug|Any CPU
		{98E06EFA-3055-4447-AE49-A69057198E5E}.Debug|x86.Build.0 = Debug|Any CPU
		{98E06EFA-3055-4447-AE49-A69057198E5E}.Release|Any CPU.ActiveCfg = Release|Any CPU
		{98E06EFA-3055-4447-AE49-A69057198E5E}.Release|Any CPU.Build.0 = Release|Any CPU
		{98E06EFA-3055-4447-AE49-A69057198E5E}.Release|x64.ActiveCfg = Release|Any CPU
		{98E06EFA-3055-4447-AE49-A69057198E5E}.Release|x64.Build.0 = Release|Any CPU
		{98E06EFA-3055-4447-AE49-A69057198E5E}.Release|x86.ActiveCfg = Release|Any CPU
		{98E06EFA-3055-4447-AE49-A69057198E5E}.Release|x86.Build.0 = Release|Any CPU
		{E636F2C7-76A0-49B8-9CA1-BFCDEC107BFC}.Debug|Any CPU.ActiveCfg = Debug|Any CPU
		{E636F2C7-76A0-49B8-9CA1-BFCDEC107BFC}.Debug|Any CPU.Build.0 = Debug|Any CPU
		{E636F2C7-76A0-49B8-9CA1-BFCDEC107BFC}.Debug|x64.ActiveCfg = Debug|Any CPU
		{E636F2C7-76A0-49B8-9CA1-BFCDEC107BFC}.Debug|x64.Build.0 = Debug|Any CPU
		{E636F2C7-76A0-49B8-9CA1-BFCDEC107BFC}.Debug|x86.ActiveCfg = Debug|Any CPU
		{E636F2C7-76A0-49B8-9CA1-BFCDEC107BFC}.Debug|x86.Build.0 = Debug|Any CPU
		{E636F2C7-76A0-49B8-9CA1-BFCDEC107BFC}.Release|Any CPU.ActiveCfg = Release|Any CPU
		{E636F2C7-76A0-49B8-9CA1-BFCDEC107BFC}.Release|Any CPU.Build.0 = Release|Any CPU
		{E636F2C7-76A0-49B8-9CA1-BFCDEC107BFC}.Release|x64.ActiveCfg = Release|Any CPU
		{E636F2C7-76A0-49B8-9CA1-BFCDEC107BFC}.Release|x64.Build.0 = Release|Any CPU
		{E636F2C7-76A0-49B8-9CA1-BFCDEC107BFC}.Release|x86.ActiveCfg = Release|Any CPU
		{E636F2C7-76A0-49B8-9CA1-BFCDEC107BFC}.Release|x86.Build.0 = Release|Any CPU
		{0748FC8A-03CD-45B4-9BE9-1F5EB1BCE3E6}.Debug|Any CPU.ActiveCfg = Debug|Any CPU
		{0748FC8A-03CD-45B4-9BE9-1F5EB1BCE3E6}.Debug|Any CPU.Build.0 = Debug|Any CPU
		{0748FC8A-03CD-45B4-9BE9-1F5EB1BCE3E6}.Debug|x64.ActiveCfg = Debug|Any CPU
		{0748FC8A-03CD-45B4-9BE9-1F5EB1BCE3E6}.Debug|x64.Build.0 = Debug|Any CPU
		{0748FC8A-03CD-45B4-9BE9-1F5EB1BCE3E6}.Debug|x86.ActiveCfg = Debug|Any CPU
		{0748FC8A-03CD-45B4-9BE9-1F5EB1BCE3E6}.Debug|x86.Build.0 = Debug|Any CPU
		{0748FC8A-03CD-45B4-9BE9-1F5EB1BCE3E6}.Release|Any CPU.ActiveCfg = Release|Any CPU
		{0748FC8A-03CD-45B4-9BE9-1F5EB1BCE3E6}.Release|Any CPU.Build.0 = Release|Any CPU
		{0748FC8A-03CD-45B4-9BE9-1F5EB1BCE3E6}.Release|x64.ActiveCfg = Release|Any CPU
		{0748FC8A-03CD-45B4-9BE9-1F5EB1BCE3E6}.Release|x64.Build.0 = Release|Any CPU
		{0748FC8A-03CD-45B4-9BE9-1F5EB1BCE3E6}.Release|x86.ActiveCfg = Release|Any CPU
		{0748FC8A-03CD-45B4-9BE9-1F5EB1BCE3E6}.Release|x86.Build.0 = Release|Any CPU
		{FBD913CC-5D35-4E2E-B3AA-55EA5B856135}.Debug|Any CPU.ActiveCfg = Debug|Any CPU
		{FBD913CC-5D35-4E2E-B3AA-55EA5B856135}.Debug|Any CPU.Build.0 = Debug|Any CPU
		{FBD913CC-5D35-4E2E-B3AA-55EA5B856135}.Debug|x64.ActiveCfg = Debug|Any CPU
		{FBD913CC-5D35-4E2E-B3AA-55EA5B856135}.Debug|x64.Build.0 = Debug|Any CPU
		{FBD913CC-5D35-4E2E-B3AA-55EA5B856135}.Debug|x86.ActiveCfg = Debug|Any CPU
		{FBD913CC-5D35-4E2E-B3AA-55EA5B856135}.Debug|x86.Build.0 = Debug|Any CPU
		{FBD913CC-5D35-4E2E-B3AA-55EA5B856135}.Release|Any CPU.ActiveCfg = Release|Any CPU
		{FBD913CC-5D35-4E2E-B3AA-55EA5B856135}.Release|Any CPU.Build.0 = Release|Any CPU
		{FBD913CC-5D35-4E2E-B3AA-55EA5B856135}.Release|x64.ActiveCfg = Release|Any CPU
		{FBD913CC-5D35-4E2E-B3AA-55EA5B856135}.Release|x64.Build.0 = Release|Any CPU
		{FBD913CC-5D35-4E2E-B3AA-55EA5B856135}.Release|x86.ActiveCfg = Release|Any CPU
		{FBD913CC-5D35-4E2E-B3AA-55EA5B856135}.Release|x86.Build.0 = Release|Any CPU
	EndGlobalSection
	GlobalSection(SolutionProperties) = preSolution
		HideSolutionNode = FALSE
	EndGlobalSection
	GlobalSection(ExtensibilityGlobals) = postSolution
		SolutionGuid = {CDBCA043-4D52-422D-87AD-03C417497A07}
	EndGlobalSection
EndGlobal
