
Microsoft Visual Studio Solution File, Format Version 12.00
# Visual Studio 15
VisualStudioVersion = 15.0.26124.0
MinimumVisualStudioVersion = 15.0.26124.0
Project("{FAE04EC0-301F-11D3-BF4B-00C04F79EFBC}") = "ReferenceAnalyzer.Core", "referenceanalyzer.core\ReferenceAnalyzer.Core.csproj", "{98E06EFA-3055-4447-AE49-A69057198E5E}"
EndProject
Project("{FAE04EC0-301F-11D3-BF4B-00C04F79EFBC}") = "ReferenceAnalyzer.Core.Tests", "referenceanalyzer.core.tests\ReferenceAnalyzer.Core.Tests.csproj", "{E636F2C7-76A0-49B8-9CA1-BFCDEC107BFC}"
EndProject
Project("{FAE04EC0-301F-11D3-BF4B-00C04F79EFBC}") = "ReferenceAnalyzer.WPF", "referenceanalyzer.wpf\ReferenceAnalyzer.WPF.csproj", "{B8F77C53-D98C-4B5E-80DF-39B5D93E048E}"
EndProject
Project("{FAE04EC0-301F-11D3-BF4B-00C04F79EFBC}") = "ReferenceAnalyzer.WPF.Tests", "referenceanalyzer.wpf.tests\ReferenceAnalyzer.WPF.Tests.csproj", "{0748FC8A-03CD-45B4-9BE9-1F5EB1BCE3E6}"
EndProject
Global
	GlobalSection(SolutionConfigurationPlatforms) = preSolution
		Debug|Any CPU = Debug|Any CPU
		Debug|x64 = Debug|x64
		Debug|x86 = Debug|x86
		Release|Any CPU = Release|Any CPU
		Release|x64 = Release|x64
		Release|x86 = Release|x86
	EndGlobalSection
	GlobalSection(SolutionProperties) = preSolution
		HideSolutionNode = FALSE
	EndGlobalSection
	GlobalSection(ProjectConfigurationPlatforms) = postSolution
		{98E06EFA-3055-4447-AE49-A69057198E5E}.Debug|Any CPU.ActiveCfg = Debug|Any CPU
		{98E06EFA-3055-4447-AE49-A69057198E5E}.Debug|Any CPU.Build.0 = Debug|Any CPU
		{98E06EFA-3055-4447-AE49-A69057198E5E}.Debug|x64.ActiveCfg = Debug|Any CPU
		{98E06EFA-3055-4447-AE49-A69057198E5E}.Debug|x64.Build.0 = Debug|Any CPU
		{98E06EFA-3055-4447-AE49-A69057198E5E}.Debug|x86.ActiveCfg = Debug|Any CPU
		{98E06EFA-3055-4447-AE49-A69057198E5E}.Debug|x86.Build.0 = Debug|Any CPU
		{98E06EFA-3055-4447-AE49-A69057198E5E}.Release|Any CPU.ActiveCfg = Release|Any CPU
		{98E06EFA-3055-4447-AE49-A69057198E5E}.Release|Any CPU.Build.0 = Release|Any CPU
		{98E06EFA-3055-4447-AE49-A69057198E5E}.Release|x64.ActiveCfg = Release|Any CPU
		{98E06EFA-3055-4447-AE49-A69057198E5E}.Release|x64.Build.0 = Release|Any CPU
		{98E06EFA-3055-4447-AE49-A69057198E5E}.Release|x86.ActiveCfg = Release|Any CPU
		{98E06EFA-3055-4447-AE49-A69057198E5E}.Release|x86.Build.0 = Release|Any CPU
		{E636F2C7-76A0-49B8-9CA1-BFCDEC107BFC}.Debug|Any CPU.ActiveCfg = Debug|Any CPU
		{E636F2C7-76A0-49B8-9CA1-BFCDEC107BFC}.Debug|Any CPU.Build.0 = Debug|Any CPU
		{E636F2C7-76A0-49B8-9CA1-BFCDEC107BFC}.Debug|x64.ActiveCfg = Debug|Any CPU
		{E636F2C7-76A0-49B8-9CA1-BFCDEC107BFC}.Debug|x64.Build.0 = Debug|Any CPU
		{E636F2C7-76A0-49B8-9CA1-BFCDEC107BFC}.Debug|x86.ActiveCfg = Debug|Any CPU
		{E636F2C7-76A0-49B8-9CA1-BFCDEC107BFC}.Debug|x86.Build.0 = Debug|Any CPU
		{E636F2C7-76A0-49B8-9CA1-BFCDEC107BFC}.Release|Any CPU.ActiveCfg = Release|Any CPU
		{E636F2C7-76A0-49B8-9CA1-BFCDEC107BFC}.Release|Any CPU.Build.0 = Release|Any CPU
		{E636F2C7-76A0-49B8-9CA1-BFCDEC107BFC}.Release|x64.ActiveCfg = Release|Any CPU
		{E636F2C7-76A0-49B8-9CA1-BFCDEC107BFC}.Release|x64.Build.0 = Release|Any CPU
		{E636F2C7-76A0-49B8-9CA1-BFCDEC107BFC}.Release|x86.ActiveCfg = Release|Any CPU
		{E636F2C7-76A0-49B8-9CA1-BFCDEC107BFC}.Release|x86.Build.0 = Release|Any CPU
		{B8F77C53-D98C-4B5E-80DF-39B5D93E048E}.Debug|Any CPU.ActiveCfg = Debug|Any CPU
		{B8F77C53-D98C-4B5E-80DF-39B5D93E048E}.Debug|Any CPU.Build.0 = Debug|Any CPU
		{B8F77C53-D98C-4B5E-80DF-39B5D93E048E}.Debug|x64.ActiveCfg = Debug|Any CPU
		{B8F77C53-D98C-4B5E-80DF-39B5D93E048E}.Debug|x64.Build.0 = Debug|Any CPU
		{B8F77C53-D98C-4B5E-80DF-39B5D93E048E}.Debug|x86.ActiveCfg = Debug|Any CPU
		{B8F77C53-D98C-4B5E-80DF-39B5D93E048E}.Debug|x86.Build.0 = Debug|Any CPU
		{B8F77C53-D98C-4B5E-80DF-39B5D93E048E}.Release|Any CPU.ActiveCfg = Release|Any CPU
		{B8F77C53-D98C-4B5E-80DF-39B5D93E048E}.Release|Any CPU.Build.0 = Release|Any CPU
		{B8F77C53-D98C-4B5E-80DF-39B5D93E048E}.Release|x64.ActiveCfg = Release|Any CPU
		{B8F77C53-D98C-4B5E-80DF-39B5D93E048E}.Release|x64.Build.0 = Release|Any CPU
		{B8F77C53-D98C-4B5E-80DF-39B5D93E048E}.Release|x86.ActiveCfg = Release|Any CPU
		{B8F77C53-D98C-4B5E-80DF-39B5D93E048E}.Release|x86.Build.0 = Release|Any CPU
		{0748FC8A-03CD-45B4-9BE9-1F5EB1BCE3E6}.Debug|Any CPU.ActiveCfg = Debug|Any CPU
		{0748FC8A-03CD-45B4-9BE9-1F5EB1BCE3E6}.Debug|Any CPU.Build.0 = Debug|Any CPU
		{0748FC8A-03CD-45B4-9BE9-1F5EB1BCE3E6}.Debug|x64.ActiveCfg = Debug|Any CPU
		{0748FC8A-03CD-45B4-9BE9-1F5EB1BCE3E6}.Debug|x64.Build.0 = Debug|Any CPU
		{0748FC8A-03CD-45B4-9BE9-1F5EB1BCE3E6}.Debug|x86.ActiveCfg = Debug|Any CPU
		{0748FC8A-03CD-45B4-9BE9-1F5EB1BCE3E6}.Debug|x86.Build.0 = Debug|Any CPU
		{0748FC8A-03CD-45B4-9BE9-1F5EB1BCE3E6}.Release|Any CPU.ActiveCfg = Release|Any CPU
		{0748FC8A-03CD-45B4-9BE9-1F5EB1BCE3E6}.Release|Any CPU.Build.0 = Release|Any CPU
		{0748FC8A-03CD-45B4-9BE9-1F5EB1BCE3E6}.Release|x64.ActiveCfg = Release|Any CPU
		{0748FC8A-03CD-45B4-9BE9-1F5EB1BCE3E6}.Release|x64.Build.0 = Release|Any CPU
		{0748FC8A-03CD-45B4-9BE9-1F5EB1BCE3E6}.Release|x86.ActiveCfg = Release|Any CPU
		{0748FC8A-03CD-45B4-9BE9-1F5EB1BCE3E6}.Release|x86.Build.0 = Release|Any CPU
	EndGlobalSection
EndGlobal
